
Microsoft Visual Studio Solution File, Format Version 12.00
# Visual Studio 15
Project("{FAE04EC0-301F-11D3-BF4B-00C04F79EFBC}") = "Assembly-CSharp", "Assembly-CSharp.csproj", "{5339E98C-20A9-278D-A526-E3435B0739F4}"
EndProject
Project("{FAE04EC0-301F-11D3-BF4B-00C04F79EFBC}") = "Boxophobic.Utils.Scripts", "Boxophobic.Utils.Scripts.csproj", "{11FA98BB-A2A0-9C32-69CE-32FCC6A0543E}"
EndProject
Project("{FAE04EC0-301F-11D3-BF4B-00C04F79EFBC}") = "Boxophobic.Utils.Editor", "Boxophobic.Utils.Editor.csproj", "{5966F4F8-D241-B968-537B-DECAAF8190D8}"
EndProject
Project("{FAE04EC0-301F-11D3-BF4B-00C04F79EFBC}") = "Boxophobic.SkyboxCubemapExtended.Editor", "Boxophobic.SkyboxCubemapExtended.Editor.csproj", "{FD6C3103-61E8-0F25-74B5-72B64866AA2F}"
EndProject
Global
	GlobalSection(SolutionConfigurationPlatforms) = preSolution
		Debug|Any CPU = Debug|Any CPU
		Release|Any CPU = Release|Any CPU
	EndGlobalSection
	GlobalSection(ProjectConfigurationPlatforms) = postSolution
		{5339E98C-20A9-278D-A526-E3435B0739F4}.Debug|Any CPU.ActiveCfg = Debug|Any CPU
		{5339E98C-20A9-278D-A526-E3435B0739F4}.Debug|Any CPU.Build.0 = Debug|Any CPU
		{5339E98C-20A9-278D-A526-E3435B0739F4}.Release|Any CPU.ActiveCfg = Release|Any CPU
		{5339E98C-20A9-278D-A526-E3435B0739F4}.Release|Any CPU.Build.0 = Release|Any CPU
		{11FA98BB-A2A0-9C32-69CE-32FCC6A0543E}.Debug|Any CPU.ActiveCfg = Debug|Any CPU
		{11FA98BB-A2A0-9C32-69CE-32FCC6A0543E}.Debug|Any CPU.Build.0 = Debug|Any CPU
		{11FA98BB-A2A0-9C32-69CE-32FCC6A0543E}.Release|Any CPU.ActiveCfg = Release|Any CPU
		{11FA98BB-A2A0-9C32-69CE-32FCC6A0543E}.Release|Any CPU.Build.0 = Release|Any CPU
		{5966F4F8-D241-B968-537B-DECAAF8190D8}.Debug|Any CPU.ActiveCfg = Debug|Any CPU
		{5966F4F8-D241-B968-537B-DECAAF8190D8}.Debug|Any CPU.Build.0 = Debug|Any CPU
		{5966F4F8-D241-B968-537B-DECAAF8190D8}.Release|Any CPU.ActiveCfg = Release|Any CPU
		{5966F4F8-D241-B968-537B-DECAAF8190D8}.Release|Any CPU.Build.0 = Release|Any CPU
		{FD6C3103-61E8-0F25-74B5-72B64866AA2F}.Debug|Any CPU.ActiveCfg = Debug|Any CPU
		{FD6C3103-61E8-0F25-74B5-72B64866AA2F}.Debug|Any CPU.Build.0 = Debug|Any CPU
		{FD6C3103-61E8-0F25-74B5-72B64866AA2F}.Release|Any CPU.ActiveCfg = Release|Any CPU
		{FD6C3103-61E8-0F25-74B5-72B64866AA2F}.Release|Any CPU.Build.0 = Release|Any CPU
	EndGlobalSection
	GlobalSection(SolutionProperties) = preSolution
		HideSolutionNode = FALSE
	EndGlobalSection
EndGlobal
